
Microsoft Visual Studio Solution File, Format Version 12.00
# Visual Studio Version 17
VisualStudioVersion = 17.11.35208.52
MinimumVisualStudioVersion = 10.0.40219.1
Project("{FAE04EC0-301F-11D3-BF4B-00C04F79EFBC}") = "WoW_mod", "WoW_mod\WoW_mod.csproj", "{1EAE6CBD-28FE-4F7D-A13D-C0D7D2FEC87E}"
EndProject
Global
	GlobalSection(SolutionConfigurationPlatforms) = preSolution
		Debug|Any CPU = Debug|Any CPU
		Release|Any CPU = Release|Any CPU
	EndGlobalSection
	GlobalSection(ProjectConfigurationPlatforms) = postSolution
		{1EAE6CBD-28FE-4F7D-A13D-C0D7D2FEC87E}.Debug|Any CPU.ActiveCfg = Debug|Any CPU
		{1EAE6CBD-28FE-4F7D-A13D-C0D7D2FEC87E}.Debug|Any CPU.Build.0 = Debug|Any CPU
		{1EAE6CBD-28FE-4F7D-A13D-C0D7D2FEC87E}.Release|Any CPU.ActiveCfg = Release|Any CPU
		{1EAE6CBD-28FE-4F7D-A13D-C0D7D2FEC87E}.Release|Any CPU.Build.0 = Release|Any CPU
	EndGlobalSection
	GlobalSection(SolutionProperties) = preSolution
		HideSolutionNode = FALSE
	EndGlobalSection
	GlobalSection(ExtensibilityGlobals) = postSolution
		SolutionGuid = {99C70A3B-5AF4-4710-A92F-4984993CBF55}
	EndGlobalSection
EndGlobal
